schema: '2.0'
stages:
  get_data:
    cmd: python get_data.py
    deps:
    - path: get_data.py
      hash: md5
      md5: 8f1c140c235e8828e830710b8026a5e5
      size: 291
    outs:
    - path: data_raw.csv
      hash: md5
      md5: b427a8c0156e79f12e418b08cde43c7e
      size: 68868
  process_data:
    cmd: python process_data.py
    deps:
    - path: data_raw.csv
      hash: md5
      md5: b427a8c0156e79f12e418b08cde43c7e
      size: 68868
    - path: process_data.py
      hash: md5
      md5: 8f3e2f11261129eda203274bc5c9f38f
      size: 899
    outs:
    - path: data_processed.csv
      hash: md5
      md5: 03269b6c0a766dc80e090326008765b3
      size: 24227
  train:
    cmd: python train.py
    deps:
    - path: data_processed.csv
      hash: md5
      md5: 03269b6c0a766dc80e090326008765b3
      size: 24227
    - path: train.py
      hash: md5
      md5: 5b2e52d388a80ac8b22a4956f1e70a8a
      size: 1470
    outs:
    - path: by_region.png
      hash: md5
      md5: 424c3ddafa9ec79418013a66275a0da8
      size: 7918
    - path: metrics.json
      hash: md5
      md5: e9e8d0172c8c975bcce46e18a02ba766
      size: 90
